
Microsoft Visual Studio Solution File, Format Version 12.00
# Visual Studio 15
VisualStudioVersion = 15.0.27130.2036
MinimumVisualStudioVersion = 10.0.40219.1
Project("{FAE04EC0-301F-11D3-BF4B-00C04F79EFBC}") = "EncryptedMessageBoard", "EncryptedMessageBoard\EncryptedMessageBoard.csproj", "{4FEA0587-FF0F-444E-816B-D95C87448D6F}"
EndProject
Global
	GlobalSection(SolutionConfigurationPlatforms) = preSolution
		Debug|Any CPU = Debug|Any CPU
		Release|Any CPU = Release|Any CPU
	EndGlobalSection
	GlobalSection(ProjectConfigurationPlatforms) = postSolution
		{4FEA0587-FF0F-444E-816B-D95C87448D6F}.Debug|Any CPU.ActiveCfg = Debug|Any CPU
		{4FEA0587-FF0F-444E-816B-D95C87448D6F}.Debug|Any CPU.Build.0 = Debug|Any CPU
		{4FEA0587-FF0F-444E-816B-D95C87448D6F}.Release|Any CPU.ActiveCfg = Release|Any CPU
		{4FEA0587-FF0F-444E-816B-D95C87448D6F}.Release|Any CPU.Build.0 = Release|Any CPU
	EndGlobalSection
	GlobalSection(SolutionProperties) = preSolution
		HideSolutionNode = FALSE
	EndGlobalSection
	GlobalSection(ExtensibilityGlobals) = postSolution
		SolutionGuid = {6646E571-34BC-4B10-9B7F-346FE9F68E62}
	EndGlobalSection
EndGlobal
